
Microsoft Visual Studio Solution File, Format Version 12.00
# Visual Studio Version 16
VisualStudioVersion = 16.0.31025.194
MinimumVisualStudioVersion = 10.0.40219.1
Project("{FAE04EC0-301F-11D3-BF4B-00C04F79EFBC}") = "XamlApp_pry04.Android", "XamlApp_pry04\XamlApp_pry04.Android\XamlApp_pry04.Android.csproj", "{FB896C3B-6E03-4B07-9409-36CC3745EB80}"
EndProject
Project("{FAE04EC0-301F-11D3-BF4B-00C04F79EFBC}") = "XamlApp_pry04.iOS", "XamlApp_pry04\XamlApp_pry04.iOS\XamlApp_pry04.iOS.csproj", "{8B53FD7F-BE9E-4BF6-BF0D-DC329B3FC265}"
EndProject
Project("{FAE04EC0-301F-11D3-BF4B-00C04F79EFBC}") = "XamlApp_pry04", "XamlApp_pry04\XamlApp_pry04\XamlApp_pry04.csproj", "{65E999D6-DA76-4B4E-8797-A73984AFC20A}"
EndProject
Global
	GlobalSection(SolutionConfigurationPlatforms) = preSolution
		Debug|Any CPU = Debug|Any CPU
		Debug|iPhone = Debug|iPhone
		Debug|iPhoneSimulator = Debug|iPhoneSimulator
		Release|Any CPU = Release|Any CPU
		Release|iPhone = Release|iPhone
		Release|iPhoneSimulator = Release|iPhoneSimulator
	EndGlobalSection
	GlobalSection(ProjectConfigurationPlatforms) = postSolution
		{FB896C3B-6E03-4B07-9409-36CC3745EB80}.Debug|Any CPU.ActiveCfg = Debug|Any CPU
		{FB896C3B-6E03-4B07-9409-36CC3745EB80}.Debug|Any CPU.Build.0 = Debug|Any CPU
		{FB896C3B-6E03-4B07-9409-36CC3745EB80}.Debug|Any CPU.Deploy.0 = Debug|Any CPU
		{FB896C3B-6E03-4B07-9409-36CC3745EB80}.Debug|iPhone.ActiveCfg = Debug|Any CPU
		{FB896C3B-6E03-4B07-9409-36CC3745EB80}.Debug|iPhone.Build.0 = Debug|Any CPU
		{FB896C3B-6E03-4B07-9409-36CC3745EB80}.Debug|iPhone.Deploy.0 = Debug|Any CPU
		{FB896C3B-6E03-4B07-9409-36CC3745EB80}.Debug|iPhoneSimulator.ActiveCfg = Debug|Any CPU
		{FB896C3B-6E03-4B07-9409-36CC3745EB80}.Debug|iPhoneSimulator.Build.0 = Debug|Any CPU
		{FB896C3B-6E03-4B07-9409-36CC3745EB80}.Debug|iPhoneSimulator.Deploy.0 = Debug|Any CPU
		{FB896C3B-6E03-4B07-9409-36CC3745EB80}.Release|Any CPU.ActiveCfg = Release|Any CPU
		{FB896C3B-6E03-4B07-9409-36CC3745EB80}.Release|Any CPU.Build.0 = Release|Any CPU
		{FB896C3B-6E03-4B07-9409-36CC3745EB80}.Release|Any CPU.Deploy.0 = Release|Any CPU
		{FB896C3B-6E03-4B07-9409-36CC3745EB80}.Release|iPhone.ActiveCfg = Release|Any CPU
		{FB896C3B-6E03-4B07-9409-36CC3745EB80}.Release|iPhone.Build.0 = Release|Any CPU
		{FB896C3B-6E03-4B07-9409-36CC3745EB80}.Release|iPhone.Deploy.0 = Release|Any CPU
		{FB896C3B-6E03-4B07-9409-36CC3745EB80}.Release|iPhoneSimulator.ActiveCfg = Release|Any CPU
		{FB896C3B-6E03-4B07-9409-36CC3745EB80}.Release|iPhoneSimulator.Build.0 = Release|Any CPU
		{FB896C3B-6E03-4B07-9409-36CC3745EB80}.Release|iPhoneSimulator.Deploy.0 = Release|Any CPU
		{8B53FD7F-BE9E-4BF6-BF0D-DC329B3FC265}.Debug|Any CPU.ActiveCfg = Debug|iPhone
		{8B53FD7F-BE9E-4BF6-BF0D-DC329B3FC265}.Debug|Any CPU.Build.0 = Debug|iPhone
		{8B53FD7F-BE9E-4BF6-BF0D-DC329B3FC265}.Debug|Any CPU.Deploy.0 = Debug|iPhone
		{8B53FD7F-BE9E-4BF6-BF0D-DC329B3FC265}.Debug|iPhone.ActiveCfg = Debug|iPhone
		{8B53FD7F-BE9E-4BF6-BF0D-DC329B3FC265}.Debug|iPhone.Build.0 = Debug|iPhone
		{8B53FD7F-BE9E-4BF6-BF0D-DC329B3FC265}.Debug|iPhone.Deploy.0 = Debug|iPhone
		{8B53FD7F-BE9E-4BF6-BF0D-DC329B3FC265}.Debug|iPhoneSimulator.ActiveCfg = Debug|iPhoneSimulator
		{8B53FD7F-BE9E-4BF6-BF0D-DC329B3FC265}.Debug|iPhoneSimulator.Build.0 = Debug|iPhoneSimulator
		{8B53FD7F-BE9E-4BF6-BF0D-DC329B3FC265}.Debug|iPhoneSimulator.Deploy.0 = Debug|iPhoneSimulator
		{8B53FD7F-BE9E-4BF6-BF0D-DC329B3FC265}.Release|Any CPU.ActiveCfg = Release|iPhoneSimulator
		{8B53FD7F-BE9E-4BF6-BF0D-DC329B3FC265}.Release|Any CPU.Build.0 = Release|iPhoneSimulator
		{8B53FD7F-BE9E-4BF6-BF0D-DC329B3FC265}.Release|Any CPU.Deploy.0 = Release|iPhoneSimulator
		{8B53FD7F-BE9E-4BF6-BF0D-DC329B3FC265}.Release|iPhone.ActiveCfg = Release|iPhone
		{8B53FD7F-BE9E-4BF6-BF0D-DC329B3FC265}.Release|iPhone.Build.0 = Release|iPhone
		{8B53FD7F-BE9E-4BF6-BF0D-DC329B3FC265}.Release|iPhone.Deploy.0 = Release|iPhone
		{8B53FD7F-BE9E-4BF6-BF0D-DC329B3FC265}.Release|iPhoneSimulator.ActiveCfg = Release|iPhoneSimulator
		{8B53FD7F-BE9E-4BF6-BF0D-DC329B3FC265}.Release|iPhoneSimulator.Build.0 = Release|iPhoneSimulator
		{8B53FD7F-BE9E-4BF6-BF0D-DC329B3FC265}.Release|iPhoneSimulator.Deploy.0 = Release|iPhoneSimulator
		{65E999D6-DA76-4B4E-8797-A73984AFC20A}.Debug|Any CPU.ActiveCfg = Debug|Any CPU
		{65E999D6-DA76-4B4E-8797-A73984AFC20A}.Debug|Any CPU.Build.0 = Debug|Any CPU
		{65E999D6-DA76-4B4E-8797-A73984AFC20A}.Debug|Any CPU.Deploy.0 = Debug|Any CPU
		{65E999D6-DA76-4B4E-8797-A73984AFC20A}.Debug|iPhone.ActiveCfg = Debug|Any CPU
		{65E999D6-DA76-4B4E-8797-A73984AFC20A}.Debug|iPhone.Build.0 = Debug|Any CPU
		{65E999D6-DA76-4B4E-8797-A73984AFC20A}.Debug|iPhone.Deploy.0 = Debug|Any CPU
		{65E999D6-DA76-4B4E-8797-A73984AFC20A}.Debug|iPhoneSimulator.ActiveCfg = Debug|Any CPU
		{65E999D6-DA76-4B4E-8797-A73984AFC20A}.Debug|iPhoneSimulator.Build.0 = Debug|Any CPU
		{65E999D6-DA76-4B4E-8797-A73984AFC20A}.Debug|iPhoneSimulator.Deploy.0 = Debug|Any CPU
		{65E999D6-DA76-4B4E-8797-A73984AFC20A}.Release|Any CPU.ActiveCfg = Release|Any CPU
		{65E999D6-DA76-4B4E-8797-A73984AFC20A}.Release|Any CPU.Build.0 = Release|Any CPU
		{65E999D6-DA76-4B4E-8797-A73984AFC20A}.Release|Any CPU.Deploy.0 = Release|Any CPU
		{65E999D6-DA76-4B4E-8797-A73984AFC20A}.Release|iPhone.ActiveCfg = Release|Any CPU
		{65E999D6-DA76-4B4E-8797-A73984AFC20A}.Release|iPhone.Build.0 = Release|Any CPU
		{65E999D6-DA76-4B4E-8797-A73984AFC20A}.Release|iPhone.Deploy.0 = Release|Any CPU
		{65E999D6-DA76-4B4E-8797-A73984AFC20A}.Release|iPhoneSimulator.ActiveCfg = Release|Any CPU
		{65E999D6-DA76-4B4E-8797-A73984AFC20A}.Release|iPhoneSimulator.Build.0 = Release|Any CPU
		{65E999D6-DA76-4B4E-8797-A73984AFC20A}.Release|iPhoneSimulator.Deploy.0 = Release|Any CPU
	EndGlobalSection
	GlobalSection(SolutionProperties) = preSolution
		HideSolutionNode = FALSE
	EndGlobalSection
	GlobalSection(ExtensibilityGlobals) = postSolution
		SolutionGuid = {E69CE103-6405-4009-94AD-7B3666A4F8B1}
	EndGlobalSection
EndGlobal
