
Microsoft Visual Studio Solution File, Format Version 12.00
# Visual Studio Version 16
VisualStudioVersion = 16.0.31205.134
MinimumVisualStudioVersion = 10.0.40219.1
Project("{FAE04EC0-301F-11D3-BF4B-00C04F79EFBC}") = "AppAmigos.v2.Android", "AppAmigos.v2\AppAmigos.v2.Android\AppAmigos.v2.Android.csproj", "{53824598-ABC8-4B4F-96B2-2C3175F3FB2F}"
EndProject
Project("{FAE04EC0-301F-11D3-BF4B-00C04F79EFBC}") = "AppAmigos.v2.iOS", "AppAmigos.v2\AppAmigos.v2.iOS\AppAmigos.v2.iOS.csproj", "{F96C0621-62D7-43CB-9B2F-3363CE02DEE5}"
EndProject
Project("{FAE04EC0-301F-11D3-BF4B-00C04F79EFBC}") = "AppAmigos.v2", "AppAmigos.v2\AppAmigos.v2\AppAmigos.v2.csproj", "{804867DF-A5E2-4383-8936-D699072AFE01}"
EndProject
Global
	GlobalSection(SolutionConfigurationPlatforms) = preSolution
		Debug|Any CPU = Debug|Any CPU
		Debug|iPhone = Debug|iPhone
		Debug|iPhoneSimulator = Debug|iPhoneSimulator
		Release|Any CPU = Release|Any CPU
		Release|iPhone = Release|iPhone
		Release|iPhoneSimulator = Release|iPhoneSimulator
	EndGlobalSection
	GlobalSection(ProjectConfigurationPlatforms) = postSolution
		{53824598-ABC8-4B4F-96B2-2C3175F3FB2F}.Debug|Any CPU.ActiveCfg = Debug|Any CPU
		{53824598-ABC8-4B4F-96B2-2C3175F3FB2F}.Debug|Any CPU.Build.0 = Debug|Any CPU
		{53824598-ABC8-4B4F-96B2-2C3175F3FB2F}.Debug|Any CPU.Deploy.0 = Debug|Any CPU
		{53824598-ABC8-4B4F-96B2-2C3175F3FB2F}.Debug|iPhone.ActiveCfg = Debug|Any CPU
		{53824598-ABC8-4B4F-96B2-2C3175F3FB2F}.Debug|iPhone.Build.0 = Debug|Any CPU
		{53824598-ABC8-4B4F-96B2-2C3175F3FB2F}.Debug|iPhone.Deploy.0 = Debug|Any CPU
		{53824598-ABC8-4B4F-96B2-2C3175F3FB2F}.Debug|iPhoneSimulator.ActiveCfg = Debug|Any CPU
		{53824598-ABC8-4B4F-96B2-2C3175F3FB2F}.Debug|iPhoneSimulator.Build.0 = Debug|Any CPU
		{53824598-ABC8-4B4F-96B2-2C3175F3FB2F}.Debug|iPhoneSimulator.Deploy.0 = Debug|Any CPU
		{53824598-ABC8-4B4F-96B2-2C3175F3FB2F}.Release|Any CPU.ActiveCfg = Release|Any CPU
		{53824598-ABC8-4B4F-96B2-2C3175F3FB2F}.Release|Any CPU.Build.0 = Release|Any CPU
		{53824598-ABC8-4B4F-96B2-2C3175F3FB2F}.Release|Any CPU.Deploy.0 = Release|Any CPU
		{53824598-ABC8-4B4F-96B2-2C3175F3FB2F}.Release|iPhone.ActiveCfg = Release|Any CPU
		{53824598-ABC8-4B4F-96B2-2C3175F3FB2F}.Release|iPhone.Build.0 = Release|Any CPU
		{53824598-ABC8-4B4F-96B2-2C3175F3FB2F}.Release|iPhone.Deploy.0 = Release|Any CPU
		{53824598-ABC8-4B4F-96B2-2C3175F3FB2F}.Release|iPhoneSimulator.ActiveCfg = Release|Any CPU
		{53824598-ABC8-4B4F-96B2-2C3175F3FB2F}.Release|iPhoneSimulator.Build.0 = Release|Any CPU
		{53824598-ABC8-4B4F-96B2-2C3175F3FB2F}.Release|iPhoneSimulator.Deploy.0 = Release|Any CPU
		{F96C0621-62D7-43CB-9B2F-3363CE02DEE5}.Debug|Any CPU.ActiveCfg = Debug|iPhone
		{F96C0621-62D7-43CB-9B2F-3363CE02DEE5}.Debug|Any CPU.Build.0 = Debug|iPhone
		{F96C0621-62D7-43CB-9B2F-3363CE02DEE5}.Debug|Any CPU.Deploy.0 = Debug|iPhone
		{F96C0621-62D7-43CB-9B2F-3363CE02DEE5}.Debug|iPhone.ActiveCfg = Debug|iPhone
		{F96C0621-62D7-43CB-9B2F-3363CE02DEE5}.Debug|iPhone.Build.0 = Debug|iPhone
		{F96C0621-62D7-43CB-9B2F-3363CE02DEE5}.Debug|iPhone.Deploy.0 = Debug|iPhone
		{F96C0621-62D7-43CB-9B2F-3363CE02DEE5}.Debug|iPhoneSimulator.ActiveCfg = Debug|iPhoneSimulator
		{F96C0621-62D7-43CB-9B2F-3363CE02DEE5}.Debug|iPhoneSimulator.Build.0 = Debug|iPhoneSimulator
		{F96C0621-62D7-43CB-9B2F-3363CE02DEE5}.Debug|iPhoneSimulator.Deploy.0 = Debug|iPhoneSimulator
		{F96C0621-62D7-43CB-9B2F-3363CE02DEE5}.Release|Any CPU.ActiveCfg = Release|iPhoneSimulator
		{F96C0621-62D7-43CB-9B2F-3363CE02DEE5}.Release|Any CPU.Build.0 = Release|iPhoneSimulator
		{F96C0621-62D7-43CB-9B2F-3363CE02DEE5}.Release|Any CPU.Deploy.0 = Release|iPhoneSimulator
		{F96C0621-62D7-43CB-9B2F-3363CE02DEE5}.Release|iPhone.ActiveCfg = Release|iPhone
		{F96C0621-62D7-43CB-9B2F-3363CE02DEE5}.Release|iPhone.Build.0 = Release|iPhone
		{F96C0621-62D7-43CB-9B2F-3363CE02DEE5}.Release|iPhone.Deploy.0 = Release|iPhone
		{F96C0621-62D7-43CB-9B2F-3363CE02DEE5}.Release|iPhoneSimulator.ActiveCfg = Release|iPhoneSimulator
		{F96C0621-62D7-43CB-9B2F-3363CE02DEE5}.Release|iPhoneSimulator.Build.0 = Release|iPhoneSimulator
		{F96C0621-62D7-43CB-9B2F-3363CE02DEE5}.Release|iPhoneSimulator.Deploy.0 = Release|iPhoneSimulator
		{804867DF-A5E2-4383-8936-D699072AFE01}.Debug|Any CPU.ActiveCfg = Debug|Any CPU
		{804867DF-A5E2-4383-8936-D699072AFE01}.Debug|Any CPU.Build.0 = Debug|Any CPU
		{804867DF-A5E2-4383-8936-D699072AFE01}.Debug|Any CPU.Deploy.0 = Debug|Any CPU
		{804867DF-A5E2-4383-8936-D699072AFE01}.Debug|iPhone.ActiveCfg = Debug|Any CPU
		{804867DF-A5E2-4383-8936-D699072AFE01}.Debug|iPhone.Build.0 = Debug|Any CPU
		{804867DF-A5E2-4383-8936-D699072AFE01}.Debug|iPhone.Deploy.0 = Debug|Any CPU
		{804867DF-A5E2-4383-8936-D699072AFE01}.Debug|iPhoneSimulator.ActiveCfg = Debug|Any CPU
		{804867DF-A5E2-4383-8936-D699072AFE01}.Debug|iPhoneSimulator.Build.0 = Debug|Any CPU
		{804867DF-A5E2-4383-8936-D699072AFE01}.Debug|iPhoneSimulator.Deploy.0 = Debug|Any CPU
		{804867DF-A5E2-4383-8936-D699072AFE01}.Release|Any CPU.ActiveCfg = Release|Any CPU
		{804867DF-A5E2-4383-8936-D699072AFE01}.Release|Any CPU.Build.0 = Release|Any CPU
		{804867DF-A5E2-4383-8936-D699072AFE01}.Release|Any CPU.Deploy.0 = Release|Any CPU
		{804867DF-A5E2-4383-8936-D699072AFE01}.Release|iPhone.ActiveCfg = Release|Any CPU
		{804867DF-A5E2-4383-8936-D699072AFE01}.Release|iPhone.Build.0 = Release|Any CPU
		{804867DF-A5E2-4383-8936-D699072AFE01}.Release|iPhone.Deploy.0 = Release|Any CPU
		{804867DF-A5E2-4383-8936-D699072AFE01}.Release|iPhoneSimulator.ActiveCfg = Release|Any CPU
		{804867DF-A5E2-4383-8936-D699072AFE01}.Release|iPhoneSimulator.Build.0 = Release|Any CPU
		{804867DF-A5E2-4383-8936-D699072AFE01}.Release|iPhoneSimulator.Deploy.0 = Release|Any CPU
	EndGlobalSection
	GlobalSection(SolutionProperties) = preSolution
		HideSolutionNode = FALSE
	EndGlobalSection
	GlobalSection(ExtensibilityGlobals) = postSolution
		SolutionGuid = {8DECFEA6-AB8B-41E8-BD80-DC2A1C1E5939}
	EndGlobalSection
EndGlobal
